
Microsoft Visual Studio Solution File, Format Version 12.00
# Visual Studio Version 17
VisualStudioVersion = 17.0.31903.59
MinimumVisualStudioVersion = 10.0.40219.1
Project("{FAE04EC0-301F-11D3-BF4B-00C04F79EFBC}") = "B2B.Domain", "B2B.Domain\B2B.Domain.csproj", "{5DD9B703-CC86-4F23-A943-86C30A47D4AA}"
EndProject
Project("{FAE04EC0-301F-11D3-BF4B-00C04F79EFBC}") = "B2B.Dao", "B2B.Dao\B2B.Dao.csproj", "{B970C7B8-911E-4744-A238-ED5C20B3859F}"
EndProject
Project("{FAE04EC0-301F-11D3-BF4B-00C04F79EFBC}") = "B2B.Service", "B2B.Service\B2B.Service.csproj", "{A01C14DC-3EAD-4400-853B-A827664CAFDE}"
EndProject
Project("{FAE04EC0-301F-11D3-BF4B-00C04F79EFBC}") = "B2B.Service.Impl", "B2B.Service.Impl\B2B.Service.Impl.csproj", "{4BC7A475-D62C-478B-A5BB-8E53EE7B84AE}"
EndProject
Project("{FAE04EC0-301F-11D3-BF4B-00C04F79EFBC}") = "B2B.WebApi.Model", "B2B.WebApi.Model\B2B.WebApi.Model.csproj", "{DABA0CC2-2CDA-4B34-8D64-18740FBD219A}"
EndProject
Project("{FAE04EC0-301F-11D3-BF4B-00C04F79EFBC}") = "B2B.WebApi", "B2B.WebApi\B2B.WebApi.csproj", "{F3BE5D4E-17DF-4062-832C-AABDF91FC4C8}"
EndProject
Project("{FAE04EC0-301F-11D3-BF4B-00C04F79EFBC}") = "B2B.Tests", "B2B.Tests\B2B.Tests.csproj", "{471A86E0-444D-4662-A004-E4D74CA25178}"
EndProject
Project("{FAE04EC0-301F-11D3-BF4B-00C04F79EFBC}") = "B2B.Conn", "B2B.Conn\B2B.Conn.csproj", "{A22FC146-383A-405C-97F4-22FC2CB752F9}"
EndProject
Project("{2150E333-8FDC-42A3-9474-1A3956D46DE8}") = "Solution Items", "Solution Items", "{EBD52B2D-D04C-4FBA-ABD3-E1600297B9A7}"
	ProjectSection(SolutionItems) = preProject
		README.md = README.md
	EndProjectSection
EndProject
Global
	GlobalSection(SolutionConfigurationPlatforms) = preSolution
		Debug|Any CPU = Debug|Any CPU
		Debug|x64 = Debug|x64
		Debug|x86 = Debug|x86
		Release|Any CPU = Release|Any CPU
		Release|x64 = Release|x64
		Release|x86 = Release|x86
	EndGlobalSection
	GlobalSection(ProjectConfigurationPlatforms) = postSolution
		{5DD9B703-CC86-4F23-A943-86C30A47D4AA}.Debug|Any CPU.ActiveCfg = Debug|Any CPU
		{5DD9B703-CC86-4F23-A943-86C30A47D4AA}.Debug|Any CPU.Build.0 = Debug|Any CPU
		{5DD9B703-CC86-4F23-A943-86C30A47D4AA}.Debug|x64.ActiveCfg = Debug|Any CPU
		{5DD9B703-CC86-4F23-A943-86C30A47D4AA}.Debug|x64.Build.0 = Debug|Any CPU
		{5DD9B703-CC86-4F23-A943-86C30A47D4AA}.Debug|x86.ActiveCfg = Debug|Any CPU
		{5DD9B703-CC86-4F23-A943-86C30A47D4AA}.Debug|x86.Build.0 = Debug|Any CPU
		{5DD9B703-CC86-4F23-A943-86C30A47D4AA}.Release|Any CPU.ActiveCfg = Release|Any CPU
		{5DD9B703-CC86-4F23-A943-86C30A47D4AA}.Release|Any CPU.Build.0 = Release|Any CPU
		{5DD9B703-CC86-4F23-A943-86C30A47D4AA}.Release|x64.ActiveCfg = Release|Any CPU
		{5DD9B703-CC86-4F23-A943-86C30A47D4AA}.Release|x64.Build.0 = Release|Any CPU
		{5DD9B703-CC86-4F23-A943-86C30A47D4AA}.Release|x86.ActiveCfg = Release|Any CPU
		{5DD9B703-CC86-4F23-A943-86C30A47D4AA}.Release|x86.Build.0 = Release|Any CPU
		{B970C7B8-911E-4744-A238-ED5C20B3859F}.Debug|Any CPU.ActiveCfg = Debug|Any CPU
		{B970C7B8-911E-4744-A238-ED5C20B3859F}.Debug|Any CPU.Build.0 = Debug|Any CPU
		{B970C7B8-911E-4744-A238-ED5C20B3859F}.Debug|x64.ActiveCfg = Debug|Any CPU
		{B970C7B8-911E-4744-A238-ED5C20B3859F}.Debug|x64.Build.0 = Debug|Any CPU
		{B970C7B8-911E-4744-A238-ED5C20B3859F}.Debug|x86.ActiveCfg = Debug|Any CPU
		{B970C7B8-911E-4744-A238-ED5C20B3859F}.Debug|x86.Build.0 = Debug|Any CPU
		{B970C7B8-911E-4744-A238-ED5C20B3859F}.Release|Any CPU.ActiveCfg = Release|Any CPU
		{B970C7B8-911E-4744-A238-ED5C20B3859F}.Release|Any CPU.Build.0 = Release|Any CPU
		{B970C7B8-911E-4744-A238-ED5C20B3859F}.Release|x64.ActiveCfg = Release|Any CPU
		{B970C7B8-911E-4744-A238-ED5C20B3859F}.Release|x64.Build.0 = Release|Any CPU
		{B970C7B8-911E-4744-A238-ED5C20B3859F}.Release|x86.ActiveCfg = Release|Any CPU
		{B970C7B8-911E-4744-A238-ED5C20B3859F}.Release|x86.Build.0 = Release|Any CPU
		{A01C14DC-3EAD-4400-853B-A827664CAFDE}.Debug|Any CPU.ActiveCfg = Debug|Any CPU
		{A01C14DC-3EAD-4400-853B-A827664CAFDE}.Debug|Any CPU.Build.0 = Debug|Any CPU
		{A01C14DC-3EAD-4400-853B-A827664CAFDE}.Debug|x64.ActiveCfg = Debug|Any CPU
		{A01C14DC-3EAD-4400-853B-A827664CAFDE}.Debug|x64.Build.0 = Debug|Any CPU
		{A01C14DC-3EAD-4400-853B-A827664CAFDE}.Debug|x86.ActiveCfg = Debug|Any CPU
		{A01C14DC-3EAD-4400-853B-A827664CAFDE}.Debug|x86.Build.0 = Debug|Any CPU
		{A01C14DC-3EAD-4400-853B-A827664CAFDE}.Release|Any CPU.ActiveCfg = Release|Any CPU
		{A01C14DC-3EAD-4400-853B-A827664CAFDE}.Release|Any CPU.Build.0 = Release|Any CPU
		{A01C14DC-3EAD-4400-853B-A827664CAFDE}.Release|x64.ActiveCfg = Release|Any CPU
		{A01C14DC-3EAD-4400-853B-A827664CAFDE}.Release|x64.Build.0 = Release|Any CPU
		{A01C14DC-3EAD-4400-853B-A827664CAFDE}.Release|x86.ActiveCfg = Release|Any CPU
		{A01C14DC-3EAD-4400-853B-A827664CAFDE}.Release|x86.Build.0 = Release|Any CPU
		{4BC7A475-D62C-478B-A5BB-8E53EE7B84AE}.Debug|Any CPU.ActiveCfg = Debug|Any CPU
		{4BC7A475-D62C-478B-A5BB-8E53EE7B84AE}.Debug|Any CPU.Build.0 = Debug|Any CPU
		{4BC7A475-D62C-478B-A5BB-8E53EE7B84AE}.Debug|x64.ActiveCfg = Debug|Any CPU
		{4BC7A475-D62C-478B-A5BB-8E53EE7B84AE}.Debug|x64.Build.0 = Debug|Any CPU
		{4BC7A475-D62C-478B-A5BB-8E53EE7B84AE}.Debug|x86.ActiveCfg = Debug|Any CPU
		{4BC7A475-D62C-478B-A5BB-8E53EE7B84AE}.Debug|x86.Build.0 = Debug|Any CPU
		{4BC7A475-D62C-478B-A5BB-8E53EE7B84AE}.Release|Any CPU.ActiveCfg = Release|Any CPU
		{4BC7A475-D62C-478B-A5BB-8E53EE7B84AE}.Release|Any CPU.Build.0 = Release|Any CPU
		{4BC7A475-D62C-478B-A5BB-8E53EE7B84AE}.Release|x64.ActiveCfg = Release|Any CPU
		{4BC7A475-D62C-478B-A5BB-8E53EE7B84AE}.Release|x64.Build.0 = Release|Any CPU
		{4BC7A475-D62C-478B-A5BB-8E53EE7B84AE}.Release|x86.ActiveCfg = Release|Any CPU
		{4BC7A475-D62C-478B-A5BB-8E53EE7B84AE}.Release|x86.Build.0 = Release|Any CPU
		{DABA0CC2-2CDA-4B34-8D64-18740FBD219A}.Debug|Any CPU.ActiveCfg = Debug|Any CPU
		{DABA0CC2-2CDA-4B34-8D64-18740FBD219A}.Debug|Any CPU.Build.0 = Debug|Any CPU
		{DABA0CC2-2CDA-4B34-8D64-18740FBD219A}.Debug|x64.ActiveCfg = Debug|Any CPU
		{DABA0CC2-2CDA-4B34-8D64-18740FBD219A}.Debug|x64.Build.0 = Debug|Any CPU
		{DABA0CC2-2CDA-4B34-8D64-18740FBD219A}.Debug|x86.ActiveCfg = Debug|Any CPU
		{DABA0CC2-2CDA-4B34-8D64-18740FBD219A}.Debug|x86.Build.0 = Debug|Any CPU
		{DABA0CC2-2CDA-4B34-8D64-18740FBD219A}.Release|Any CPU.ActiveCfg = Release|Any CPU
		{DABA0CC2-2CDA-4B34-8D64-18740FBD219A}.Release|Any CPU.Build.0 = Release|Any CPU
		{DABA0CC2-2CDA-4B34-8D64-18740FBD219A}.Release|x64.ActiveCfg = Release|Any CPU
		{DABA0CC2-2CDA-4B34-8D64-18740FBD219A}.Release|x64.Build.0 = Release|Any CPU
		{DABA0CC2-2CDA-4B34-8D64-18740FBD219A}.Release|x86.ActiveCfg = Release|Any CPU
		{DABA0CC2-2CDA-4B34-8D64-18740FBD219A}.Release|x86.Build.0 = Release|Any CPU
		{F3BE5D4E-17DF-4062-832C-AABDF91FC4C8}.Debug|Any CPU.ActiveCfg = Debug|Any CPU
		{F3BE5D4E-17DF-4062-832C-AABDF91FC4C8}.Debug|Any CPU.Build.0 = Debug|Any CPU
		{F3BE5D4E-17DF-4062-832C-AABDF91FC4C8}.Debug|x64.ActiveCfg = Debug|Any CPU
		{F3BE5D4E-17DF-4062-832C-AABDF91FC4C8}.Debug|x64.Build.0 = Debug|Any CPU
		{F3BE5D4E-17DF-4062-832C-AABDF91FC4C8}.Debug|x86.ActiveCfg = Debug|Any CPU
		{F3BE5D4E-17DF-4062-832C-AABDF91FC4C8}.Debug|x86.Build.0 = Debug|Any CPU
		{F3BE5D4E-17DF-4062-832C-AABDF91FC4C8}.Release|Any CPU.ActiveCfg = Release|Any CPU
		{F3BE5D4E-17DF-4062-832C-AABDF91FC4C8}.Release|Any CPU.Build.0 = Release|Any CPU
		{F3BE5D4E-17DF-4062-832C-AABDF91FC4C8}.Release|x64.ActiveCfg = Release|Any CPU
		{F3BE5D4E-17DF-4062-832C-AABDF91FC4C8}.Release|x64.Build.0 = Release|Any CPU
		{F3BE5D4E-17DF-4062-832C-AABDF91FC4C8}.Release|x86.ActiveCfg = Release|Any CPU
		{F3BE5D4E-17DF-4062-832C-AABDF91FC4C8}.Release|x86.Build.0 = Release|Any CPU
		{471A86E0-444D-4662-A004-E4D74CA25178}.Debug|Any CPU.ActiveCfg = Debug|Any CPU
		{471A86E0-444D-4662-A004-E4D74CA25178}.Debug|Any CPU.Build.0 = Debug|Any CPU
		{471A86E0-444D-4662-A004-E4D74CA25178}.Debug|x64.ActiveCfg = Debug|Any CPU
		{471A86E0-444D-4662-A004-E4D74CA25178}.Debug|x64.Build.0 = Debug|Any CPU
		{471A86E0-444D-4662-A004-E4D74CA25178}.Debug|x86.ActiveCfg = Debug|Any CPU
		{471A86E0-444D-4662-A004-E4D74CA25178}.Debug|x86.Build.0 = Debug|Any CPU
		{471A86E0-444D-4662-A004-E4D74CA25178}.Release|Any CPU.ActiveCfg = Release|Any CPU
		{471A86E0-444D-4662-A004-E4D74CA25178}.Release|Any CPU.Build.0 = Release|Any CPU
		{471A86E0-444D-4662-A004-E4D74CA25178}.Release|x64.ActiveCfg = Release|Any CPU
		{471A86E0-444D-4662-A004-E4D74CA25178}.Release|x64.Build.0 = Release|Any CPU
		{471A86E0-444D-4662-A004-E4D74CA25178}.Release|x86.ActiveCfg = Release|Any CPU
		{471A86E0-444D-4662-A004-E4D74CA25178}.Release|x86.Build.0 = Release|Any CPU
		{A22FC146-383A-405C-97F4-22FC2CB752F9}.Debug|Any CPU.ActiveCfg = Debug|Any CPU
		{A22FC146-383A-405C-97F4-22FC2CB752F9}.Debug|Any CPU.Build.0 = Debug|Any CPU
		{A22FC146-383A-405C-97F4-22FC2CB752F9}.Debug|x64.ActiveCfg = Debug|Any CPU
		{A22FC146-383A-405C-97F4-22FC2CB752F9}.Debug|x64.Build.0 = Debug|Any CPU
		{A22FC146-383A-405C-97F4-22FC2CB752F9}.Debug|x86.ActiveCfg = Debug|Any CPU
		{A22FC146-383A-405C-97F4-22FC2CB752F9}.Debug|x86.Build.0 = Debug|Any CPU
		{A22FC146-383A-405C-97F4-22FC2CB752F9}.Release|Any CPU.ActiveCfg = Release|Any CPU
		{A22FC146-383A-405C-97F4-22FC2CB752F9}.Release|Any CPU.Build.0 = Release|Any CPU
		{A22FC146-383A-405C-97F4-22FC2CB752F9}.Release|x64.ActiveCfg = Release|Any CPU
		{A22FC146-383A-405C-97F4-22FC2CB752F9}.Release|x64.Build.0 = Release|Any CPU
		{A22FC146-383A-405C-97F4-22FC2CB752F9}.Release|x86.ActiveCfg = Release|Any CPU
		{A22FC146-383A-405C-97F4-22FC2CB752F9}.Release|x86.Build.0 = Release|Any CPU
	EndGlobalSection
	GlobalSection(SolutionProperties) = preSolution
		HideSolutionNode = FALSE
	EndGlobalSection
EndGlobal
